
Microsoft Visual Studio Solution File, Format Version 12.00
# Visual Studio Version 17
VisualStudioVersion = 17.11.35327.3
MinimumVisualStudioVersion = 10.0.40219.1
Project("{FAE04EC0-301F-11D3-BF4B-00C04F79EFBC}") = "Práctica_2", "Práctica_2\Práctica_2.csproj", "{3B0B5C5B-3BE1-462B-AFCB-B43305CA641E}"
EndProject
Global
	GlobalSection(SolutionConfigurationPlatforms) = preSolution
		Debug|Any CPU = Debug|Any CPU
		Release|Any CPU = Release|Any CPU
	EndGlobalSection
	GlobalSection(ProjectConfigurationPlatforms) = postSolution
		{3B0B5C5B-3BE1-462B-AFCB-B43305CA641E}.Debug|Any CPU.ActiveCfg = Debug|Any CPU
		{3B0B5C5B-3BE1-462B-AFCB-B43305CA641E}.Debug|Any CPU.Build.0 = Debug|Any CPU
		{3B0B5C5B-3BE1-462B-AFCB-B43305CA641E}.Release|Any CPU.ActiveCfg = Release|Any CPU
		{3B0B5C5B-3BE1-462B-AFCB-B43305CA641E}.Release|Any CPU.Build.0 = Release|Any CPU
	EndGlobalSection
	GlobalSection(SolutionProperties) = preSolution
		HideSolutionNode = FALSE
	EndGlobalSection
	GlobalSection(ExtensibilityGlobals) = postSolution
		SolutionGuid = {193AA926-4B3B-4270-BEB7-DCB4EE5D41DE}
	EndGlobalSection
EndGlobal
